
Microsoft Visual Studio Solution File, Format Version 12.00
# Visual Studio Version 17
VisualStudioVersion = 17.1.32319.34
MinimumVisualStudioVersion = 10.0.40219.1
Project("{FAE04EC0-301F-11D3-BF4B-00C04F79EFBC}") = "ContosoUniversityWithRazorPages", "ContosoUniversityWithRazorPages\ContosoUniversityWithRazorPages.csproj", "{31CFBB83-1F37-4F6F-9C5A-1F5A2835174D}"
EndProject
Global
	GlobalSection(SolutionConfigurationPlatforms) = preSolution
		Debug|Any CPU = Debug|Any CPU
		Release|Any CPU = Release|Any CPU
	EndGlobalSection
	GlobalSection(ProjectConfigurationPlatforms) = postSolution
		{31CFBB83-1F37-4F6F-9C5A-1F5A2835174D}.Debug|Any CPU.ActiveCfg = Debug|Any CPU
		{31CFBB83-1F37-4F6F-9C5A-1F5A2835174D}.Debug|Any CPU.Build.0 = Debug|Any CPU
		{31CFBB83-1F37-4F6F-9C5A-1F5A2835174D}.Release|Any CPU.ActiveCfg = Release|Any CPU
		{31CFBB83-1F37-4F6F-9C5A-1F5A2835174D}.Release|Any CPU.Build.0 = Release|Any CPU
	EndGlobalSection
	GlobalSection(SolutionProperties) = preSolution
		HideSolutionNode = FALSE
	EndGlobalSection
	GlobalSection(ExtensibilityGlobals) = postSolution
		SolutionGuid = {65A9050F-EA7E-41BB-B2DE-18C5EFD47AC2}
	EndGlobalSection
EndGlobal
